
Microsoft Visual Studio Solution File, Format Version 11.00
# Visual Studio 2010
Project("{FAE04EC0-301F-11D3-BF4B-00C04F79EFBC}") = "ArchViz2", "Assembly-CSharp.csproj", "{6F951172-DD89-74C7-6F00-EC5D7701C015}"
EndProject
Project("{FAE04EC0-301F-11D3-BF4B-00C04F79EFBC}") = "ArchViz2", "Assembly-CSharp-Editor.csproj", "{28F02984-054A-7157-1E9D-3899700CE5F9}"
EndProject
Global
	GlobalSection(SolutionConfigurationPlatforms) = preSolution
		Debug|Any CPU = Debug|Any CPU
		Release|Any CPU = Release|Any CPU
	EndGlobalSection
	GlobalSection(ProjectConfigurationPlatforms) = postSolution
		{6F951172-DD89-74C7-6F00-EC5D7701C015}.Debug|Any CPU.ActiveCfg = Debug|Any CPU
		{6F951172-DD89-74C7-6F00-EC5D7701C015}.Debug|Any CPU.Build.0 = Debug|Any CPU
		{6F951172-DD89-74C7-6F00-EC5D7701C015}.Release|Any CPU.ActiveCfg = Release|Any CPU
		{6F951172-DD89-74C7-6F00-EC5D7701C015}.Release|Any CPU.Build.0 = Release|Any CPU
		{28F02984-054A-7157-1E9D-3899700CE5F9}.Debug|Any CPU.ActiveCfg = Debug|Any CPU
		{28F02984-054A-7157-1E9D-3899700CE5F9}.Debug|Any CPU.Build.0 = Debug|Any CPU
		{28F02984-054A-7157-1E9D-3899700CE5F9}.Release|Any CPU.ActiveCfg = Release|Any CPU
		{28F02984-054A-7157-1E9D-3899700CE5F9}.Release|Any CPU.Build.0 = Release|Any CPU
	EndGlobalSection
	GlobalSection(SolutionProperties) = preSolution
		HideSolutionNode = FALSE
	EndGlobalSection
	GlobalSection(MonoDevelopProperties) = preSolution
		StartupItem = Assembly-CSharp.csproj
	EndGlobalSection
EndGlobal
